
Microsoft Visual Studio Solution File, Format Version 12.00
# Visual Studio 15
VisualStudioVersion = 15.0.27004.2009
MinimumVisualStudioVersion = 10.0.40219.1
Project("{FAE04EC0-301F-11D3-BF4B-00C04F79EFBC}") = "PromosyonTakip.Core", "PromosyonTakip.Core\PromosyonTakip.Core.csproj", "{83955AF7-62C6-44F4-8E53-3A9ADF727BA3}"
EndProject
Project("{FAE04EC0-301F-11D3-BF4B-00C04F79EFBC}") = "PromosyonTakip.UI.Muısteri", "PromosyonTakip.UI.Muısteri\PromosyonTakip.UI.Muısteri.csproj", "{20461079-A46E-4F7E-8BE6-24740F3B96A0}"
EndProject
Global
	GlobalSection(SolutionConfigurationPlatforms) = preSolution
		Debug|Any CPU = Debug|Any CPU
		Release|Any CPU = Release|Any CPU
	EndGlobalSection
	GlobalSection(ProjectConfigurationPlatforms) = postSolution
		{83955AF7-62C6-44F4-8E53-3A9ADF727BA3}.Debug|Any CPU.ActiveCfg = Debug|Any CPU
		{83955AF7-62C6-44F4-8E53-3A9ADF727BA3}.Debug|Any CPU.Build.0 = Debug|Any CPU
		{83955AF7-62C6-44F4-8E53-3A9ADF727BA3}.Release|Any CPU.ActiveCfg = Release|Any CPU
		{83955AF7-62C6-44F4-8E53-3A9ADF727BA3}.Release|Any CPU.Build.0 = Release|Any CPU
		{20461079-A46E-4F7E-8BE6-24740F3B96A0}.Debug|Any CPU.ActiveCfg = Debug|Any CPU
		{20461079-A46E-4F7E-8BE6-24740F3B96A0}.Debug|Any CPU.Build.0 = Debug|Any CPU
		{20461079-A46E-4F7E-8BE6-24740F3B96A0}.Release|Any CPU.ActiveCfg = Release|Any CPU
		{20461079-A46E-4F7E-8BE6-24740F3B96A0}.Release|Any CPU.Build.0 = Release|Any CPU
	EndGlobalSection
	GlobalSection(SolutionProperties) = preSolution
		HideSolutionNode = FALSE
	EndGlobalSection
	GlobalSection(ExtensibilityGlobals) = postSolution
		SolutionGuid = {9CF3144D-14A4-4E31-BEDC-085E7E636E61}
	EndGlobalSection
EndGlobal
